
Microsoft Visual Studio Solution File, Format Version 12.00
# Visual Studio Version 17
VisualStudioVersion = 17.7.34031.279
MinimumVisualStudioVersion = 10.0.40219.1
Project("{2150E333-8FDC-42A3-9474-1A3956D46DE8}") = "src", "src", "{7020B6A9-E676-464F-B02D-308120B48B23}"
EndProject
Project("{FAE04EC0-301F-11D3-BF4B-00C04F79EFBC}") = "Karaoke.Songs", "Karaoke.Songs\Karaoke.Songs.csproj", "{849E789A-C3C4-4387-93C4-934A02BA233F}"
EndProject
Project("{FAE04EC0-301F-11D3-BF4B-00C04F79EFBC}") = "Karaoke.Abstractions", "Karaoke.Abstractions\Karaoke.Abstractions.csproj", "{1AD1805A-A0F2-4C96-97A5-882AE5A42466}"
EndProject
Project("{FAE04EC0-301F-11D3-BF4B-00C04F79EFBC}") = "Karaoke.ConsoleClient", "Karaoke.ConsoleClient\Karaoke.ConsoleClient.csproj", "{A9626A97-9A02-4B6B-A8EB-2A436ED8640C}"
EndProject
Global
	GlobalSection(SolutionConfigurationPlatforms) = preSolution
		Debug|Any CPU = Debug|Any CPU
		Release|Any CPU = Release|Any CPU
	EndGlobalSection
	GlobalSection(ProjectConfigurationPlatforms) = postSolution
		{849E789A-C3C4-4387-93C4-934A02BA233F}.Debug|Any CPU.ActiveCfg = Debug|Any CPU
		{849E789A-C3C4-4387-93C4-934A02BA233F}.Debug|Any CPU.Build.0 = Debug|Any CPU
		{849E789A-C3C4-4387-93C4-934A02BA233F}.Release|Any CPU.ActiveCfg = Release|Any CPU
		{849E789A-C3C4-4387-93C4-934A02BA233F}.Release|Any CPU.Build.0 = Release|Any CPU
		{1AD1805A-A0F2-4C96-97A5-882AE5A42466}.Debug|Any CPU.ActiveCfg = Debug|Any CPU
		{1AD1805A-A0F2-4C96-97A5-882AE5A42466}.Debug|Any CPU.Build.0 = Debug|Any CPU
		{1AD1805A-A0F2-4C96-97A5-882AE5A42466}.Release|Any CPU.ActiveCfg = Release|Any CPU
		{1AD1805A-A0F2-4C96-97A5-882AE5A42466}.Release|Any CPU.Build.0 = Release|Any CPU
		{A9626A97-9A02-4B6B-A8EB-2A436ED8640C}.Debug|Any CPU.ActiveCfg = Debug|Any CPU
		{A9626A97-9A02-4B6B-A8EB-2A436ED8640C}.Debug|Any CPU.Build.0 = Debug|Any CPU
		{A9626A97-9A02-4B6B-A8EB-2A436ED8640C}.Release|Any CPU.ActiveCfg = Release|Any CPU
		{A9626A97-9A02-4B6B-A8EB-2A436ED8640C}.Release|Any CPU.Build.0 = Release|Any CPU
	EndGlobalSection
	GlobalSection(SolutionProperties) = preSolution
		HideSolutionNode = FALSE
	EndGlobalSection
	GlobalSection(NestedProjects) = preSolution
		{849E789A-C3C4-4387-93C4-934A02BA233F} = {7020B6A9-E676-464F-B02D-308120B48B23}
		{1AD1805A-A0F2-4C96-97A5-882AE5A42466} = {7020B6A9-E676-464F-B02D-308120B48B23}
		{A9626A97-9A02-4B6B-A8EB-2A436ED8640C} = {7020B6A9-E676-464F-B02D-308120B48B23}
	EndGlobalSection
	GlobalSection(ExtensibilityGlobals) = postSolution
		SolutionGuid = {5A21A3DF-D712-4F4B-9AAF-9D45D4C348CD}
	EndGlobalSection
EndGlobal
